// !$*UTF8*$!
{
	archiveVersion = 1;
	classes = {
	};
	objectVersion = 77;
	objects = {

/* Begin PBXBuildFile section */
		062D22AD2D53E798003AD9B2 /* FoundationCoreKit in Frameworks */ = {isa = PBXBuildFile; productRef = 062D22AC2D53E798003AD9B2 /* FoundationCoreKit */; };
/* End PBXBuildFile section */

/* Begin PBXContainerItemProxy section */
		0655011D2D53E6C800DE3F63 /* PBXContainerItemProxy */ = {
			isa = PBXContainerItemProxy;
			containerPortal = 065501032D53E6C600DE3F63 /* Project object */;
			proxyType = 1;
			remoteGlobalIDString = 0655010A2D53E6C600DE3F63;
			remoteInfo = FoundationCoreKitDemo;
		};
		065501272D53E6C800DE3F63 /* PBXContainerItemProxy */ = {
			isa = PBXContainerItemProxy;
			containerPortal = 065501032D53E6C600DE3F63 /* Project object */;
			proxyType = 1;
			remoteGlobalIDString = 0655010A2D53E6C600DE3F63;
			remoteInfo = FoundationCoreKitDemo;
		};
/* End PBXContainerItemProxy section */

/* Begin PBXFileReference section */
		0655010B2D53E6C600DE3F63 /* FoundationCoreKitDemo.app */ = {isa = PBXFileReference; explicitFileType = wrapper.application; includeInIndex = 0; path = FoundationCoreKitDemo.app; sourceTree = BUILT_PRODUCTS_DIR; };
		0655011C2D53E6C800DE3F63 /* FoundationCoreKitDemoTests.xctest */ = {isa = PBXFileReference; explicitFileType = wrapper.cfbundle; includeInIndex = 0; path = FoundationCoreKitDemoTests.xctest; sourceTree = BUILT_PRODUCTS_DIR; };
		065501262D53E6C800DE3F63 /* FoundationCoreKitDemoUITests.xctest */ = {isa = PBXFileReference; explicitFileType = wrapper.cfbundle; includeInIndex = 0; path = FoundationCoreKitDemoUITests.xctest; sourceTree = BUILT_PRODUCTS_DIR; };
/* End PBXFileReference section */

/* Begin PBXFileSystemSynchronizedRootGroup section */
		0655010D2D53E6C600DE3F63 /* FoundationCoreKitDemo */ = {
			isa = PBXFileSystemSynchronizedRootGroup;
			path = FoundationCoreKitDemo;
			sourceTree = "<group>";
		};
		0655011F2D53E6C800DE3F63 /* FoundationCoreKitDemoTests */ = {
			isa = PBXFileSystemSynchronizedRootGroup;
			path = FoundationCoreKitDemoTests;
			sourceTree = "<group>";
		};
		065501292D53E6C800DE3F63 /* FoundationCoreKitDemoUITests */ = {
			isa = PBXFileSystemSynchronizedRootGroup;
			path = FoundationCoreKitDemoUITests;
			sourceTree = "<group>";
		};
/* End PBXFileSystemSynchronizedRootGroup section */

/* Begin PBXFrameworksBuildPhase section */
		065501082D53E6C600DE3F63 /* Frameworks */ = {
			isa = PBXFrameworksBuildPhase;
			buildActionMask = 2147483647;
			files = (
				062D22AD2D53E798003AD9B2 /* FoundationCoreKit in Frameworks */,
			);
			runOnlyForDeploymentPostprocessing = 0;
		};
		065501192D53E6C800DE3F63 /* Frameworks */ = {
			isa = PBXFrameworksBuildPhase;
			buildActionMask = 2147483647;
			files = (
			);
			runOnlyForDeploymentPostprocessing = 0;
		};
		065501232D53E6C800DE3F63 /* Frameworks */ = {
			isa = PBXFrameworksBuildPhase;
			buildActionMask = 2147483647;
			files = (
			);
			runOnlyForDeploymentPostprocessing = 0;
		};
/* End PBXFrameworksBuildPhase section */

/* Begin PBXGroup section */
		065501022D53E6C600DE3F63 = {
			isa = PBXGroup;
			children = (
				0655010D2D53E6C600DE3F63 /* FoundationCoreKitDemo */,
				0655011F2D53E6C800DE3F63 /* FoundationCoreKitDemoTests */,
				065501292D53E6C800DE3F63 /* FoundationCoreKitDemoUITests */,
				0655010C2D53E6C600DE3F63 /* Products */,
			);
			sourceTree = "<group>";
		};
		0655010C2D53E6C600DE3F63 /* Products */ = {
			isa = PBXGroup;
			children = (
				0655010B2D53E6C600DE3F63 /* FoundationCoreKitDemo.app */,
				0655011C2D53E6C800DE3F63 /* FoundationCoreKitDemoTests.xctest */,
				065501262D53E6C800DE3F63 /* FoundationCoreKitDemoUITests.xctest */,
			);
			name = Products;
			sourceTree = "<group>";
		};
/* End PBXGroup section */

/* Begin PBXNativeTarget section */
		0655010A2D53E6C600DE3F63 /* FoundationCoreKitDemo */ = {
			isa = PBXNativeTarget;
			buildConfigurationList = 065501302D53E6C800DE3F63 /* Build configuration list for PBXNativeTarget "FoundationCoreKitDemo" */;
			buildPhases = (
				065501072D53E6C600DE3F63 /* Sources */,
				065501082D53E6C600DE3F63 /* Frameworks */,
				065501092D53E6C600DE3F63 /* Resources */,
			);
			buildRules = (
			);
			dependencies = (
			);
			fileSystemSynchronizedGroups = (
				0655010D2D53E6C600DE3F63 /* FoundationCoreKitDemo */,
			);
			name = FoundationCoreKitDemo;
			packageProductDependencies = (
				062D22AC2D53E798003AD9B2 /* FoundationCoreKit */,
			);
			productName = FoundationCoreKitDemo;
			productReference = 0655010B2D53E6C600DE3F63 /* FoundationCoreKitDemo.app */;
			productType = "com.apple.product-type.application";
		};
		0655011B2D53E6C800DE3F63 /* FoundationCoreKitDemoTests */ = {
			isa = PBXNativeTarget;
			buildConfigurationList = 065501332D53E6C800DE3F63 /* Build configuration list for PBXNativeTarget "FoundationCoreKitDemoTests" */;
			buildPhases = (
				065501182D53E6C800DE3F63 /* Sources */,
				065501192D53E6C800DE3F63 /* Frameworks */,
				0655011A2D53E6C800DE3F63 /* Resources */,
			);
			buildRules = (
			);
			dependencies = (
				0655011E2D53E6C800DE3F63 /* PBXTargetDependency */,
			);
			fileSystemSynchronizedGroups = (
				0655011F2D53E6C800DE3F63 /* FoundationCoreKitDemoTests */,
			);
			name = FoundationCoreKitDemoTests;
			packageProductDependencies = (
			);
			productName = FoundationCoreKitDemoTests;
			productReference = 0655011C2D53E6C800DE3F63 /* FoundationCoreKitDemoTests.xctest */;
			productType = "com.apple.product-type.bundle.unit-test";
		};
		065501252D53E6C800DE3F63 /* FoundationCoreKitDemoUITests */ = {
			isa = PBXNativeTarget;
			buildConfigurationList = 065501362D53E6C800DE3F63 /* Build configuration list for PBXNativeTarget "FoundationCoreKitDemoUITests" */;
			buildPhases = (
				065501222D53E6C800DE3F63 /* Sources */,
				065501232D53E6C800DE3F63 /* Frameworks */,
				065501242D53E6C800DE3F63 /* Resources */,
			);
			buildRules = (
			);
			dependencies = (
				065501282D53E6C800DE3F63 /* PBXTargetDependency */,
			);
			fileSystemSynchronizedGroups = (
				065501292D53E6C800DE3F63 /* FoundationCoreKitDemoUITests */,
			);
			name = FoundationCoreKitDemoUITests;
			packageProductDependencies = (
			);
			productName = FoundationCoreKitDemoUITests;
			productReference = 065501262D53E6C800DE3F63 /* FoundationCoreKitDemoUITests.xctest */;
			productType = "com.apple.product-type.bundle.ui-testing";
		};
/* End PBXNativeTarget section */

/* Begin PBXProject section */
		065501032D53E6C600DE3F63 /* Project object */ = {
			isa = PBXProject;
			attributes = {
				BuildIndependentTargetsInParallel = 1;
				LastSwiftUpdateCheck = 1620;
				LastUpgradeCheck = 1620;
				TargetAttributes = {
					0655010A2D53E6C600DE3F63 = {
						CreatedOnToolsVersion = 16.2;
					};
					0655011B2D53E6C800DE3F63 = {
						CreatedOnToolsVersion = 16.2;
						TestTargetID = 0655010A2D53E6C600DE3F63;
					};
					065501252D53E6C800DE3F63 = {
						CreatedOnToolsVersion = 16.2;
						TestTargetID = 0655010A2D53E6C600DE3F63;
					};
				};
			};
			buildConfigurationList = 065501062D53E6C600DE3F63 /* Build configuration list for PBXProject "FoundationCoreKitDemo" */;
			developmentRegion = en;
			hasScannedForEncodings = 0;
			knownRegions = (
				en,
				Base,
			);
			mainGroup = 065501022D53E6C600DE3F63;
			minimizedProjectReferenceProxies = 1;
			packageReferences = (
				062D22AB2D53E798003AD9B2 /* XCLocalSwiftPackageReference "../../FoundationCoreKit" */,
			);
			preferredProjectObjectVersion = 77;
			productRefGroup = 0655010C2D53E6C600DE3F63 /* Products */;
			projectDirPath = "";
			projectRoot = "";
			targets = (
				0655010A2D53E6C600DE3F63 /* FoundationCoreKitDemo */,
				0655011B2D53E6C800DE3F63 /* FoundationCoreKitDemoTests */,
				065501252D53E6C800DE3F63 /* FoundationCoreKitDemoUITests */,
			);
		};
/* End PBXProject section */

/* Begin PBXResourcesBuildPhase section */
		065501092D53E6C600DE3F63 /* Resources */ = {
			isa = PBXResourcesBuildPhase;
			buildActionMask = 2147483647;
			files = (
			);
			runOnlyForDeploymentPostprocessing = 0;
		};
		0655011A2D53E6C800DE3F63 /* Resources */ = {
			isa = PBXResourcesBuildPhase;
			buildActionMask = 2147483647;
			files = (
			);
			runOnlyForDeploymentPostprocessing = 0;
		};
		065501242D53E6C800DE3F63 /* Resources */ = {
			isa = PBXResourcesBuildPhase;
			buildActionMask = 2147483647;
			files = (
			);
			runOnlyForDeploymentPostprocessing = 0;
		};
/* End PBXResourcesBuildPhase section */

/* Begin PBXSourcesBuildPhase section */
		065501072D53E6C600DE3F63 /* Sources */ = {
			isa = PBXSourcesBuildPhase;
			buildActionMask = 2147483647;
			files = (
			);
			runOnlyForDeploymentPostprocessing = 0;
		};
		065501182D53E6C800DE3F63 /* Sources */ = {
			isa = PBXSourcesBuildPhase;
			buildActionMask = 2147483647;
			files = (
			);
			runOnlyForDeploymentPostprocessing = 0;
		};
		065501222D53E6C800DE3F63 /* Sources */ = {
			isa = PBXSourcesBuildPhase;
			buildActionMask = 2147483647;
			files = (
			);
			runOnlyForDeploymentPostprocessing = 0;
		};
/* End PBXSourcesBuildPhase section */

/* Begin PBXTargetDependency section */
		0655011E2D53E6C800DE3F63 /* PBXTargetDependency */ = {
			isa = PBXTargetDependency;
			target = 0655010A2D53E6C600DE3F63 /* FoundationCoreKitDemo */;
			targetProxy = 0655011D2D53E6C800DE3F63 /* PBXContainerItemProxy */;
		};
		065501282D53E6C800DE3F63 /* PBXTargetDependency */ = {
			isa = PBXTargetDependency;
			target = 0655010A2D53E6C600DE3F63 /* FoundationCoreKitDemo */;
			targetProxy = 065501272D53E6C800DE3F63 /* PBXContainerItemProxy */;
		};
/* End PBXTargetDependency section */

/* Begin XCBuildConfiguration section */
		0655012E2D53E6C800DE3F63 /* Debug */ = {
			isa = XCBuildConfiguration;
			buildSettings = {
				ALWAYS_SEARCH_USER_PATHS = NO;
				ASSETCATALOG_COMPILER_GENERATE_SWIFT_ASSET_SYMBOL_EXTENSIONS = YES;
				CLANG_ANALYZER_NONNULL = YES;
				CLANG_ANALYZER_NUMBER_OBJECT_CONVERSION = YES_AGGRESSIVE;
				CLANG_CXX_LANGUAGE_STANDARD = "gnu++20";
				CLANG_ENABLE_MODULES = YES;
				CLANG_ENABLE_OBJC_ARC = YES;
				CLANG_ENABLE_OBJC_WEAK = YES;
				CLANG_WARN_BLOCK_CAPTURE_AUTORELEASING = YES;
				CLANG_WARN_BOOL_CONVERSION = YES;
				CLANG_WARN_COMMA = YES;
				CLANG_WARN_CONSTANT_CONVERSION = YES;
				CLANG_WARN_DEPRECATED_OBJC_IMPLEMENTATIONS = YES;
				CLANG_WARN_DIRECT_OBJC_ISA_USAGE = YES_ERROR;
				CLANG_WARN_DOCUMENTATION_COMMENTS = YES;
				CLANG_WARN_EMPTY_BODY = YES;
				CLANG_WARN_ENUM_CONVERSION = YES;
				CLANG_WARN_INFINITE_RECURSION = YES;
				CLANG_WARN_INT_CONVERSION = YES;
				CLANG_WARN_NON_LITERAL_NULL_CONVERSION = YES;
				CLANG_WARN_OBJC_IMPLICIT_RETAIN_SELF = YES;
				CLANG_WARN_OBJC_LITERAL_CONVERSION = YES;
				CLANG_WARN_OBJC_ROOT_CLASS = YES_ERROR;
				CLANG_WARN_QUOTED_INCLUDE_IN_FRAMEWORK_HEADER = YES;
				CLANG_WARN_RANGE_LOOP_ANALYSIS = YES;
				CLANG_WARN_STRICT_PROTOTYPES = YES;
				CLANG_WARN_SUSPICIOUS_MOVE = YES;
				CLANG_WARN_UNGUARDED_AVAILABILITY = YES_AGGRESSIVE;
				CLANG_WARN_UNREACHABLE_CODE = YES;
				CLANG_WARN__DUPLICATE_METHOD_MATCH = YES;
				COPY_PHASE_STRIP = NO;
				DEBUG_INFORMATION_FORMAT = dwarf;
				ENABLE_STRICT_OBJC_MSGSEND = YES;
				ENABLE_TESTABILITY = YES;
				ENABLE_USER_SCRIPT_SANDBOXING = YES;
				GCC_C_LANGUAGE_STANDARD = gnu17;
				GCC_DYNAMIC_NO_PIC = NO;
				GCC_NO_COMMON_BLOCKS = YES;
				GCC_OPTIMIZATION_LEVEL = 0;
				GCC_PREPROCESSOR_DEFINITIONS = (
					"DEBUG=1",
					"$(inherited)",
				);
				GCC_WARN_64_TO_32_BIT_CONVERSION = YES;
				GCC_WARN_ABOUT_RETURN_TYPE = YES_ERROR;
				GCC_WARN_UNDECLARED_SELECTOR = YES;
				GCC_WARN_UNINITIALIZED_AUTOS = YES_AGGRESSIVE;
				GCC_WARN_UNUSED_FUNCTION = YES;
				GCC_WARN_UNUSED_VARIABLE = YES;
				LOCALIZATION_PREFERS_STRING_CATALOGS = YES;
				MTL_ENABLE_DEBUG_INFO = INCLUDE_SOURCE;
				MTL_FAST_MATH = YES;
				ONLY_ACTIVE_ARCH = YES;
				SWIFT_ACTIVE_COMPILATION_CONDITIONS = "DEBUG $(inherited)";
				SWIFT_OPTIMIZATION_LEVEL = "-Onone";
			};
			name = Debug;
		};
		0655012F2D53E6C800DE3F63 /* Release */ = {
			isa = XCBuildConfiguration;
			buildSettings = {
				ALWAYS_SEARCH_USER_PATHS = NO;
				ASSETCATALOG_COMPILER_GENERATE_SWIFT_ASSET_SYMBOL_EXTENSIONS = YES;
				CLANG_ANALYZER_NONNULL = YES;
				CLANG_ANALYZER_NUMBER_OBJECT_CONVERSION = YES_AGGRESSIVE;
				CLANG_CXX_LANGUAGE_STANDARD = "gnu++20";
				CLANG_ENABLE_MODULES = YES;
				CLANG_ENABLE_OBJC_ARC = YES;
				CLANG_ENABLE_OBJC_WEAK = YES;
				CLANG_WARN_BLOCK_CAPTURE_AUTORELEASING = YES;
				CLANG_WARN_BOOL_CONVERSION = YES;
				CLANG_WARN_COMMA = YES;
				CLANG_WARN_CONSTANT_CONVERSION = YES;
				CLANG_WARN_DEPRECATED_OBJC_IMPLEMENTATIONS = YES;
				CLANG_WARN_DIRECT_OBJC_ISA_USAGE = YES_ERROR;
				CLANG_WARN_DOCUMENTATION_COMMENTS = YES;
				CLANG_WARN_EMPTY_BODY = YES;
				CLANG_WARN_ENUM_CONVERSION = YES;
				CLANG_WARN_INFINITE_RECURSION = YES;
				CLANG_WARN_INT_CONVERSION = YES;
				CLANG_WARN_NON_LITERAL_NULL_CONVERSION = YES;
				CLANG_WARN_OBJC_IMPLICIT_RETAIN_SELF = YES;
				CLANG_WARN_OBJC_LITERAL_CONVERSION = YES;
				CLANG_WARN_OBJC_ROOT_CLASS = YES_ERROR;
				CLANG_WARN_QUOTED_INCLUDE_IN_FRAMEWORK_HEADER = YES;
				CLANG_WARN_RANGE_LOOP_ANALYSIS = YES;
				CLANG_WARN_STRICT_PROTOTYPES = YES;
				CLANG_WARN_SUSPICIOUS_MOVE = YES;
				CLANG_WARN_UNGUARDED_AVAILABILITY = YES_AGGRESSIVE;
				CLANG_WARN_UNREACHABLE_CODE = YES;
				CLANG_WARN__DUPLICATE_METHOD_MATCH = YES;
				COPY_PHASE_STRIP = NO;
				DEBUG_INFORMATION_FORMAT = "dwarf-with-dsym";
				ENABLE_NS_ASSERTIONS = NO;
				ENABLE_STRICT_OBJC_MSGSEND = YES;
				ENABLE_USER_SCRIPT_SANDBOXING = YES;
				GCC_C_LANGUAGE_STANDARD = gnu17;
				GCC_NO_COMMON_BLOCKS = YES;
				GCC_WARN_64_TO_32_BIT_CONVERSION = YES;
				GCC_WARN_ABOUT_RETURN_TYPE = YES_ERROR;
				GCC_WARN_UNDECLARED_SELECTOR = YES;
				GCC_WARN_UNINITIALIZED_AUTOS = YES_AGGRESSIVE;
				GCC_WARN_UNUSED_FUNCTION = YES;
				GCC_WARN_UNUSED_VARIABLE = YES;
				LOCALIZATION_PREFERS_STRING_CATALOGS = YES;
				MTL_ENABLE_DEBUG_INFO = NO;
				MTL_FAST_MATH = YES;
				SWIFT_COMPILATION_MODE = wholemodule;
			};
			name = Release;
		};
		065501312D53E6C800DE3F63 /* Debug */ = {
			isa = XCBuildConfiguration;
			buildSettings = {
				ASSETCATALOG_COMPILER_APPICON_NAME = AppIcon;
				ASSETCATALOG_COMPILER_GLOBAL_ACCENT_COLOR_NAME = AccentColor;
				CODE_SIGN_ENTITLEMENTS = FoundationCoreKitDemo/FoundationCoreKitDemo.entitlements;
				CODE_SIGN_STYLE = Automatic;
				CURRENT_PROJECT_VERSION = 1;
				DEVELOPMENT_ASSET_PATHS = "\"FoundationCoreKitDemo/Preview Content\"";
				DEVELOPMENT_TEAM = V7DWVG4A23;
				ENABLE_HARDENED_RUNTIME = YES;
				ENABLE_PREVIEWS = YES;
				GENERATE_INFOPLIST_FILE = YES;
				"INFOPLIST_KEY_UIApplicationSceneManifest_Generation[sdk=iphoneos*]" = YES;
				"INFOPLIST_KEY_UIApplicationSceneManifest_Generation[sdk=iphonesimulator*]" = YES;
				"INFOPLIST_KEY_UIApplicationSupportsIndirectInputEvents[sdk=iphoneos*]" = YES;
				"INFOPLIST_KEY_UIApplicationSupportsIndirectInputEvents[sdk=iphonesimulator*]" = YES;
				"INFOPLIST_KEY_UILaunchScreen_Generation[sdk=iphoneos*]" = YES;
				"INFOPLIST_KEY_UILaunchScreen_Generation[sdk=iphonesimulator*]" = YES;
				"INFOPLIST_KEY_UIStatusBarStyle[sdk=iphoneos*]" = UIStatusBarStyleDefault;
				"INFOPLIST_KEY_UIStatusBarStyle[sdk=iphonesimulator*]" = UIStatusBarStyleDefault;
				INFOPLIST_KEY_UISupportedInterfaceOrientations_iPad = "UIInterfaceOrientationPortrait UIInterfaceOrientationPortraitUpsideDown UIInterfaceOrientationLandscapeLeft UIInterfaceOrientationLandscapeRight";
				INFOPLIST_KEY_UISupportedInterfaceOrientations_iPhone = "UIInterfaceOrientationPortrait UIInterfaceOrientationLandscapeLeft UIInterfaceOrientationLandscapeRight";
				IPHONEOS_DEPLOYMENT_TARGET = 18.2;
				LD_RUNPATH_SEARCH_PATHS = "@executable_path/Frameworks";
				"LD_RUNPATH_SEARCH_PATHS[sdk=macosx*]" = "@executable_path/../Frameworks";
				MACOSX_DEPLOYMENT_TARGET = 15.2;
				MARKETING_VERSION = 1.0;
				PRODUCT_BUNDLE_IDENTIFIER = ron.ofir.FoundationCoreKitDemo;
				PRODUCT_NAME = "$(TARGET_NAME)";
				SDKROOT = auto;
				SUPPORTED_PLATFORMS = "iphoneos iphonesimulator macosx xros xrsimulator";
				SWIFT_EMIT_LOC_STRINGS = YES;
				SWIFT_VERSION = 5.0;
				TARGETED_DEVICE_FAMILY = "1,2,7";
				XROS_DEPLOYMENT_TARGET = 2.2;
			};
			name = Debug;
		};
		065501322D53E6C800DE3F63 /* Release */ = {
			isa = XCBuildConfiguration;
			buildSettings = {
				ASSETCATALOG_COMPILER_APPICON_NAME = AppIcon;
				ASSETCATALOG_COMPILER_GLOBAL_ACCENT_COLOR_NAME = AccentColor;
				CODE_SIGN_ENTITLEMENTS = FoundationCoreKitDemo/FoundationCoreKitDemo.entitlements;
				CODE_SIGN_STYLE = Automatic;
				CURRENT_PROJECT_VERSION = 1;
				DEVELOPMENT_ASSET_PATHS = "\"FoundationCoreKitDemo/Preview Content\"";
				DEVELOPMENT_TEAM = V7DWVG4A23;
				ENABLE_HARDENED_RUNTIME = YES;
				ENABLE_PREVIEWS = YES;
				GENERATE_INFOPLIST_FILE = YES;
				"INFOPLIST_KEY_UIApplicationSceneManifest_Generation[sdk=iphoneos*]" = YES;
				"INFOPLIST_KEY_UIApplicationSceneManifest_Generation[sdk=iphonesimulator*]" = YES;
				"INFOPLIST_KEY_UIApplicationSupportsIndirectInputEvents[sdk=iphoneos*]" = YES;
				"INFOPLIST_KEY_UIApplicationSupportsIndirectInputEvents[sdk=iphonesimulator*]" = YES;
				"INFOPLIST_KEY_UILaunchScreen_Generation[sdk=iphoneos*]" = YES;
				"INFOPLIST_KEY_UILaunchScreen_Generation[sdk=iphonesimulator*]" = YES;
				"INFOPLIST_KEY_UIStatusBarStyle[sdk=iphoneos*]" = UIStatusBarStyleDefault;
				"INFOPLIST_KEY_UIStatusBarStyle[sdk=iphonesimulator*]" = UIStatusBarStyleDefault;
				INFOPLIST_KEY_UISupportedInterfaceOrientations_iPad = "UIInterfaceOrientationPortrait UIInterfaceOrientationPortraitUpsideDown UIInterfaceOrientationLandscapeLeft UIInterfaceOrientationLandscapeRight";
				INFOPLIST_KEY_UISupportedInterfaceOrientations_iPhone = "UIInterfaceOrientationPortrait UIInterfaceOrientationLandscapeLeft UIInterfaceOrientationLandscapeRight";
				IPHONEOS_DEPLOYMENT_TARGET = 18.2;
				LD_RUNPATH_SEARCH_PATHS = "@executable_path/Frameworks";
				"LD_RUNPATH_SEARCH_PATHS[sdk=macosx*]" = "@executable_path/../Frameworks";
				MACOSX_DEPLOYMENT_TARGET = 15.2;
				MARKETING_VERSION = 1.0;
				PRODUCT_BUNDLE_IDENTIFIER = ron.ofir.FoundationCoreKitDemo;
				PRODUCT_NAME = "$(TARGET_NAME)";
				SDKROOT = auto;
				SUPPORTED_PLATFORMS = "iphoneos iphonesimulator macosx xros xrsimulator";
				SWIFT_EMIT_LOC_STRINGS = YES;
				SWIFT_VERSION = 5.0;
				TARGETED_DEVICE_FAMILY = "1,2,7";
				XROS_DEPLOYMENT_TARGET = 2.2;
			};
			name = Release;
		};
		065501342D53E6C800DE3F63 /* Debug */ = {
			isa = XCBuildConfiguration;
			buildSettings = {
				BUNDLE_LOADER = "$(TEST_HOST)";
				CODE_SIGN_STYLE = Automatic;
				CURRENT_PROJECT_VERSION = 1;
				DEVELOPMENT_TEAM = V7DWVG4A23;
				GENERATE_INFOPLIST_FILE = YES;
				IPHONEOS_DEPLOYMENT_TARGET = 18.2;
				MACOSX_DEPLOYMENT_TARGET = 15.2;
				MARKETING_VERSION = 1.0;
				PRODUCT_BUNDLE_IDENTIFIER = ron.ofir.FoundationCoreKitDemoTests;
				PRODUCT_NAME = "$(TARGET_NAME)";
				SDKROOT = auto;
				SUPPORTED_PLATFORMS = "iphoneos iphonesimulator macosx xros xrsimulator";
				SWIFT_EMIT_LOC_STRINGS = NO;
				SWIFT_VERSION = 5.0;
				TARGETED_DEVICE_FAMILY = "1,2,7";
				TEST_HOST = "$(BUILT_PRODUCTS_DIR)/FoundationCoreKitDemo.app/$(BUNDLE_EXECUTABLE_FOLDER_PATH)/FoundationCoreKitDemo";
				XROS_DEPLOYMENT_TARGET = 2.2;
			};
			name = Debug;
		};
		065501352D53E6C800DE3F63 /* Release */ = {
			isa = XCBuildConfiguration;
			buildSettings = {
				BUNDLE_LOADER = "$(TEST_HOST)";
				CODE_SIGN_STYLE = Automatic;
				CURRENT_PROJECT_VERSION = 1;
				DEVELOPMENT_TEAM = V7DWVG4A23;
				GENERATE_INFOPLIST_FILE = YES;
				IPHONEOS_DEPLOYMENT_TARGET = 18.2;
				MACOSX_DEPLOYMENT_TARGET = 15.2;
				MARKETING_VERSION = 1.0;
				PRODUCT_BUNDLE_IDENTIFIER = ron.ofir.FoundationCoreKitDemoTests;
				PRODUCT_NAME = "$(TARGET_NAME)";
				SDKROOT = auto;
				SUPPORTED_PLATFORMS = "iphoneos iphonesimulator macosx xros xrsimulator";
				SWIFT_EMIT_LOC_STRINGS = NO;
				SWIFT_VERSION = 5.0;
				TARGETED_DEVICE_FAMILY = "1,2,7";
				TEST_HOST = "$(BUILT_PRODUCTS_DIR)/FoundationCoreKitDemo.app/$(BUNDLE_EXECUTABLE_FOLDER_PATH)/FoundationCoreKitDemo";
				XROS_DEPLOYMENT_TARGET = 2.2;
			};
			name = Release;
		};
		065501372D53E6C800DE3F63 /* Debug */ = {
			isa = XCBuildConfiguration;
			buildSettings = {
				CODE_SIGN_STYLE = Automatic;
				CURRENT_PROJECT_VERSION = 1;
				DEVELOPMENT_TEAM = V7DWVG4A23;
				GENERATE_INFOPLIST_FILE = YES;
				IPHONEOS_DEPLOYMENT_TARGET = 18.2;
				MACOSX_DEPLOYMENT_TARGET = 15.2;
				MARKETING_VERSION = 1.0;
				PRODUCT_BUNDLE_IDENTIFIER = ron.ofir.FoundationCoreKitDemoUITests;
				PRODUCT_NAME = "$(TARGET_NAME)";
				SDKROOT = auto;
				SUPPORTED_PLATFORMS = "iphoneos iphonesimulator macosx xros xrsimulator";
				SWIFT_EMIT_LOC_STRINGS = NO;
				SWIFT_VERSION = 5.0;
				TARGETED_DEVICE_FAMILY = "1,2,7";
				TEST_TARGET_NAME = FoundationCoreKitDemo;
				XROS_DEPLOYMENT_TARGET = 2.2;
			};
			name = Debug;
		};
		065501382D53E6C800DE3F63 /* Release */ = {
			isa = XCBuildConfiguration;
			buildSettings = {
				CODE_SIGN_STYLE = Automatic;
				CURRENT_PROJECT_VERSION = 1;
				DEVELOPMENT_TEAM = V7DWVG4A23;
				GENERATE_INFOPLIST_FILE = YES;
				IPHONEOS_DEPLOYMENT_TARGET = 18.2;
				MACOSX_DEPLOYMENT_TARGET = 15.2;
				MARKETING_VERSION = 1.0;
				PRODUCT_BUNDLE_IDENTIFIER = ron.ofir.FoundationCoreKitDemoUITests;
				PRODUCT_NAME = "$(TARGET_NAME)";
				SDKROOT = auto;
				SUPPORTED_PLATFORMS = "iphoneos iphonesimulator macosx xros xrsimulator";
				SWIFT_EMIT_LOC_STRINGS = NO;
				SWIFT_VERSION = 5.0;
				TARGETED_DEVICE_FAMILY = "1,2,7";
				TEST_TARGET_NAME = FoundationCoreKitDemo;
				XROS_DEPLOYMENT_TARGET = 2.2;
			};
			name = Release;
		};
/* End XCBuildConfiguration section */

/* Begin XCConfigurationList section */
		065501062D53E6C600DE3F63 /* Build configuration list for PBXProject "FoundationCoreKitDemo" */ = {
			isa = XCConfigurationList;
			buildConfigurations = (
				0655012E2D53E6C800DE3F63 /* Debug */,
				0655012F2D53E6C800DE3F63 /* Release */,
			);
			defaultConfigurationIsVisible = 0;
			defaultConfigurationName = Release;
		};
		065501302D53E6C800DE3F63 /* Build configuration list for PBXNativeTarget "FoundationCoreKitDemo" */ = {
			isa = XCConfigurationList;
			buildConfigurations = (
				065501312D53E6C800DE3F63 /* Debug */,
				065501322D53E6C800DE3F63 /* Release */,
			);
			defaultConfigurationIsVisible = 0;
			defaultConfigurationName = Release;
		};
		065501332D53E6C800DE3F63 /* Build configuration list for PBXNativeTarget "FoundationCoreKitDemoTests" */ = {
			isa = XCConfigurationList;
			buildConfigurations = (
				065501342D53E6C800DE3F63 /* Debug */,
				065501352D53E6C800DE3F63 /* Release */,
			);
			defaultConfigurationIsVisible = 0;
			defaultConfigurationName = Release;
		};
		065501362D53E6C800DE3F63 /* Build configuration list for PBXNativeTarget "FoundationCoreKitDemoUITests" */ = {
			isa = XCConfigurationList;
			buildConfigurations = (
				065501372D53E6C800DE3F63 /* Debug */,
				065501382D53E6C800DE3F63 /* Release */,
			);
			defaultConfigurationIsVisible = 0;
			defaultConfigurationName = Release;
		};
/* End XCConfigurationList section */

/* Begin XCLocalSwiftPackageReference section */
		062D22AB2D53E798003AD9B2 /* XCLocalSwiftPackageReference "../../FoundationCoreKit" */ = {
			isa = XCLocalSwiftPackageReference;
			relativePath = ../../FoundationCoreKit;
		};
/* End XCLocalSwiftPackageReference section */

/* Begin XCSwiftPackageProductDependency section */
		062D22AC2D53E798003AD9B2 /* FoundationCoreKit */ = {
			isa = XCSwiftPackageProductDependency;
			productName = FoundationCoreKit;
		};
/* End XCSwiftPackageProductDependency section */
	};
	rootObject = 065501032D53E6C600DE3F63 /* Project object */;
}
